
Microsoft Visual Studio Solution File, Format Version 11.00
# Visual Studio 2010
Project("{FAE04EC0-301F-11D3-BF4B-00C04F79EFBC}") = "Assembly-CSharp", "Assembly-CSharp.csproj", "{b482516b-7e07-4e79-f7d9-602376060f68}"
EndProject
Project("{FAE04EC0-301F-11D3-BF4B-00C04F79EFBC}") = "Assembly-CSharp-Editor", "Assembly-CSharp-Editor.csproj", "{bb03d25e-e99f-4b38-0ece-78a76724a407}"
EndProject
Global
	GlobalSection(SolutionConfigurationPlatforms) = preSolution
		Debug|Any CPU = Debug|Any CPU
	EndGlobalSection
	GlobalSection(ProjectConfigurationPlatforms) = postSolution
		{b482516b-7e07-4e79-f7d9-602376060f68}.Debug|Any CPU.ActiveCfg = Debug|Any CPU
		{b482516b-7e07-4e79-f7d9-602376060f68}.Debug|Any CPU.Build.0 = Debug|Any CPU
		{bb03d25e-e99f-4b38-0ece-78a76724a407}.Debug|Any CPU.ActiveCfg = Debug|Any CPU
		{bb03d25e-e99f-4b38-0ece-78a76724a407}.Debug|Any CPU.Build.0 = Debug|Any CPU
	EndGlobalSection
	GlobalSection(SolutionProperties) = preSolution
		HideSolutionNode = FALSE
	EndGlobalSection
EndGlobal
